
Microsoft Visual Studio Solution File, Format Version 12.00
# Visual Studio Version 17
VisualStudioVersion = 17.7.34031.279
MinimumVisualStudioVersion = 10.0.40219.1
Project("{FAE04EC0-301F-11D3-BF4B-00C04F79EFBC}") = "EEIMS", "EEIMS\EEIMS.csproj", "{520DC998-9B75-4894-9833-97C89AF6DE28}"
EndProject
Global
	GlobalSection(SolutionConfigurationPlatforms) = preSolution
		Debug|Any CPU = Debug|Any CPU
		Release|Any CPU = Release|Any CPU
	EndGlobalSection
	GlobalSection(ProjectConfigurationPlatforms) = postSolution
		{520DC998-9B75-4894-9833-97C89AF6DE28}.Debug|Any CPU.ActiveCfg = Debug|Any CPU
		{520DC998-9B75-4894-9833-97C89AF6DE28}.Debug|Any CPU.Build.0 = Debug|Any CPU
		{520DC998-9B75-4894-9833-97C89AF6DE28}.Release|Any CPU.ActiveCfg = Release|Any CPU
		{520DC998-9B75-4894-9833-97C89AF6DE28}.Release|Any CPU.Build.0 = Release|Any CPU
	EndGlobalSection
	GlobalSection(SolutionProperties) = preSolution
		HideSolutionNode = FALSE
	EndGlobalSection
	GlobalSection(ExtensibilityGlobals) = postSolution
		SolutionGuid = {86494B8F-5DDE-4C7E-B216-3DAE72D4E98E}
	EndGlobalSection
EndGlobal
